
Microsoft Visual Studio Solution File, Format Version 12.00
# Visual Studio Version 16
VisualStudioVersion = 16.0.31829.152
MinimumVisualStudioVersion = 10.0.40219.1
Project("{FAE04EC0-301F-11D3-BF4B-00C04F79EFBC}") = "ConvertTxtToAccess", "ConvertTxtToAccess\ConvertTxtToAccess.csproj", "{EBDA512B-B1CB-424E-BBA7-AD9EA49CA844}"
EndProject
Global
	GlobalSection(SolutionConfigurationPlatforms) = preSolution
		Debug|Any CPU = Debug|Any CPU
		Release|Any CPU = Release|Any CPU
	EndGlobalSection
	GlobalSection(ProjectConfigurationPlatforms) = postSolution
		{EBDA512B-B1CB-424E-BBA7-AD9EA49CA844}.Debug|Any CPU.ActiveCfg = Debug|Any CPU
		{EBDA512B-B1CB-424E-BBA7-AD9EA49CA844}.Debug|Any CPU.Build.0 = Debug|Any CPU
		{EBDA512B-B1CB-424E-BBA7-AD9EA49CA844}.Release|Any CPU.ActiveCfg = Release|Any CPU
		{EBDA512B-B1CB-424E-BBA7-AD9EA49CA844}.Release|Any CPU.Build.0 = Release|Any CPU
	EndGlobalSection
	GlobalSection(SolutionProperties) = preSolution
		HideSolutionNode = FALSE
	EndGlobalSection
	GlobalSection(ExtensibilityGlobals) = postSolution
		SolutionGuid = {198AD475-AC0A-4B49-9AB1-B554FBC075F9}
	EndGlobalSection
EndGlobal
